{
  "projects": [
    {
      "projectId": "58GpZjZCWTaJ8AUhpCwt2K",
      "version": "3.3.0",
      "dependencies": {},
      "lang": "ts",
      "fileLocks": [
        {
          "assetId": "58GpZjZCWTaJ8AUhpCwt2K",
          "type": "projectCss",
          "checksum": "203eab818de16ff03ef7f22934a9c9f1"
        }
      ],
      "codegenVersion": "0.0.1"
    },
    {
      "projectId": "b5LwbYjEqZs5FaGQRFULLt",
      "version": "latest",
      "dependencies": {
        "58GpZjZCWTaJ8AUhpCwt2K": "3.5.0"
      },
      "lang": "ts",
      "fileLocks": [
        {
          "type": "globalVariant",
          "assetId": "QSgDnwx63iBIB",
          "checksum": "8833a856e24490b22fd617667fb99bab"
        },
        {
          "type": "renderModule",
          "assetId": "zOWA9RJW3qmB",
          "checksum": "0605e6968264319cab4563ae888e3b93"
        },
        {
          "type": "cssRules",
          "assetId": "zOWA9RJW3qmB",
          "checksum": "0605e6968264319cab4563ae888e3b93"
        },
        {
          "type": "renderModule",
          "assetId": "xEfBjL782X3_J",
          "checksum": "9bf61c8da752ac6963667531a78190de"
        },
        {
          "type": "cssRules",
          "assetId": "xEfBjL782X3_J",
          "checksum": "9bf61c8da752ac6963667531a78190de"
        },
        {
          "type": "renderModule",
          "assetId": "m93QERKfePj84",
          "checksum": "8a49bdcd536c463728a56230b319af21"
        },
        {
          "type": "cssRules",
          "assetId": "m93QERKfePj84",
          "checksum": "8a49bdcd536c463728a56230b319af21"
        },
        {
          "type": "renderModule",
          "assetId": "QYI5zOzwcfc2u",
          "checksum": "a73e7be1696a83f1fefa62402d1146ab"
        },
        {
          "type": "cssRules",
          "assetId": "QYI5zOzwcfc2u",
          "checksum": "a73e7be1696a83f1fefa62402d1146ab"
        },
        {
          "type": "renderModule",
          "assetId": "winhaleizsLhC",
          "checksum": "da256f2d411281b146394280ed84d3d6"
        },
        {
          "type": "cssRules",
          "assetId": "winhaleizsLhC",
          "checksum": "da256f2d411281b146394280ed84d3d6"
        },
        {
          "type": "renderModule",
          "assetId": "PoWUuUKq22nWX",
          "checksum": "a9f4241caa51de48afcbfdf57d78ee11"
        },
        {
          "type": "cssRules",
          "assetId": "PoWUuUKq22nWX",
          "checksum": "a9f4241caa51de48afcbfdf57d78ee11"
        },
        {
          "type": "renderModule",
          "assetId": "aAttJc8BJ4n",
          "checksum": "c7036f07a38efee155489a8eb054f652"
        },
        {
          "type": "cssRules",
          "assetId": "aAttJc8BJ4n",
          "checksum": "c7036f07a38efee155489a8eb054f652"
        },
        {
          "type": "icon",
          "assetId": "J3aj4knOCf4jfK",
          "checksum": "3cd15fababe248462c08415e36a585d6"
        },
        {
          "type": "icon",
          "assetId": "8HneqZgjoi6Gy7",
          "checksum": "7bde0bdc3468a16f84c4f50fcafbdd4d"
        },
        {
          "type": "icon",
          "assetId": "_qqpG68hYcT",
          "checksum": "d72f5c2e017b5477cd7b0166f8729673"
        },
        {
          "type": "image",
          "assetId": "i5PQSvdYIpI2ji",
          "checksum": "077116eb0ad3f4e52e70e3a22735c11a"
        },
        {
          "type": "image",
          "assetId": "T-2xEkq9c7k549",
          "checksum": "9abea98bec22a841b5f2b9b7f6adc7df"
        },
        {
          "type": "image",
          "assetId": "aso1_oipk",
          "checksum": "e4fd4a4076e49a52d471051c69f8ac73"
        },
        {
          "assetId": "b5LwbYjEqZs5FaGQRFULLt",
          "type": "projectCss",
          "checksum": "71cae357482ee55d5716d137e4785c49"
        }
      ],
      "codegenVersion": "0.0.1"
    }
  ],
  "cliVersion": "0.1.186"
}
